{
  "requires": true,
  "lockfileVersion": 1,
  "dependencies": {
    "lodash.isequal": {
      "version": "4.5.0",
      "resolved": "https://registry.npmjs.org/lodash.isequal/-/lodash.isequal-4.5.0.tgz",
      "integrity": "sha1-QVxEePK8wwEgwizhDtMib30+GOA="
    },
    "react-hook-form": {
      "version": "3.28.11",
      "resolved": "https://registry.npmjs.org/react-hook-form/-/react-hook-form-3.28.11.tgz",
      "integrity": "sha512-laAE0w40+q5fq/Dz/F2LFLbjl8vd1cpkeLu6s3VwbJ7TJ+D02VZPaN0PHnXp59dlu6+SiTkshPDqa7GKWkD0gQ=="
    },
    "react-hooks-lib": {
      "version": "0.1.0",
      "resolved": "https://registry.npmjs.org/react-hooks-lib/-/react-hooks-lib-0.1.0.tgz",
      "integrity": "sha512-3NPnGYhk8KqmzT9GsaUdkl4hXdi7cgn0aUL1t5ot8TMhB7iZS14AT/15mv8q8/5ZyHuTgD5XOZaEz8fI6Sc1ew==",
      "requires": {
        "lodash.isequal": "^4.5.0",
        "shallowequal": "^1.1.0"
      }
    },
    "shallowequal": {
      "version": "1.1.0",
      "resolved": "https://registry.npmjs.org/shallowequal/-/shallowequal-1.1.0.tgz",
      "integrity": "sha512-y0m1JoUZSlPAjXVtPPW70aZWfIL/dSP7AFkRnniLCrK/8MDKog3TySTBmckD+RObVxH0v4Tox67+F14PdED2oQ=="
    }
  }
}
